
Microsoft Visual Studio Solution File, Format Version 12.00
# Visual Studio Version 17
VisualStudioVersion = 17.9.34728.123
MinimumVisualStudioVersion = 10.0.40219.1
Project("{FAE04EC0-301F-11D3-BF4B-00C04F79EFBC}") = "Interface", "Interface\Interface.csproj", "{64CC5465-19B1-4944-9E1E-48746F4527E2}"
EndProject
Project("{FAE04EC0-301F-11D3-BF4B-00C04F79EFBC}") = "Data", "Data\Data.csproj", "{C783D115-1835-4F97-956D-C806DCE2E4A6}"
EndProject
Project("{FAE04EC0-301F-11D3-BF4B-00C04F79EFBC}") = "BusinessLayer", "BusinessLayer\BusinessLayer.csproj", "{F65A02EF-7323-4C71-9D96-AD98DB2E0CE4}"
EndProject
Global
	GlobalSection(SolutionConfigurationPlatforms) = preSolution
		Debug|Any CPU = Debug|Any CPU
		Release|Any CPU = Release|Any CPU
	EndGlobalSection
	GlobalSection(ProjectConfigurationPlatforms) = postSolution
		{64CC5465-19B1-4944-9E1E-48746F4527E2}.Debug|Any CPU.ActiveCfg = Debug|Any CPU
		{64CC5465-19B1-4944-9E1E-48746F4527E2}.Debug|Any CPU.Build.0 = Debug|Any CPU
		{64CC5465-19B1-4944-9E1E-48746F4527E2}.Release|Any CPU.ActiveCfg = Release|Any CPU
		{64CC5465-19B1-4944-9E1E-48746F4527E2}.Release|Any CPU.Build.0 = Release|Any CPU
		{C783D115-1835-4F97-956D-C806DCE2E4A6}.Debug|Any CPU.ActiveCfg = Debug|Any CPU
		{C783D115-1835-4F97-956D-C806DCE2E4A6}.Debug|Any CPU.Build.0 = Debug|Any CPU
		{C783D115-1835-4F97-956D-C806DCE2E4A6}.Release|Any CPU.ActiveCfg = Release|Any CPU
		{C783D115-1835-4F97-956D-C806DCE2E4A6}.Release|Any CPU.Build.0 = Release|Any CPU
		{F65A02EF-7323-4C71-9D96-AD98DB2E0CE4}.Debug|Any CPU.ActiveCfg = Debug|Any CPU
		{F65A02EF-7323-4C71-9D96-AD98DB2E0CE4}.Debug|Any CPU.Build.0 = Debug|Any CPU
		{F65A02EF-7323-4C71-9D96-AD98DB2E0CE4}.Release|Any CPU.ActiveCfg = Release|Any CPU
		{F65A02EF-7323-4C71-9D96-AD98DB2E0CE4}.Release|Any CPU.Build.0 = Release|Any CPU
	EndGlobalSection
	GlobalSection(SolutionProperties) = preSolution
		HideSolutionNode = FALSE
	EndGlobalSection
	GlobalSection(ExtensibilityGlobals) = postSolution
		SolutionGuid = {A8CF4E9C-97A9-4375-A8F8-CE627BAA51EE}
	EndGlobalSection
EndGlobal
